
Microsoft Visual Studio Solution File, Format Version 12.00
# Visual Studio Version 16
VisualStudioVersion = 16.0.29613.14
MinimumVisualStudioVersion = 10.0.40219.1
Project("{8BC9CEB8-8B4A-11D0-8D11-00A0C91BC942}") = "APMReport", "APMReport.vcxproj", "{2708A786-EF71-47DF-902D-E7338495F34F}"
EndProject
Project("{8BC9CEB8-8B4A-11D0-8D11-00A0C91BC942}") = "APMReportEngine", "APMReportEngine\APMReportEngine.vcxproj", "{B719C1C8-6EF6-4A0C-96BC-26C79EBB38B3}"
EndProject
Project("{FAE04EC0-301F-11D3-BF4B-00C04F79EFBC}") = "APMTestDemo", "APMTest\APMTestDemo.csproj", "{3AD36652-198E-49CA-AB51-059DBFA66CAF}"
EndProject
Global
	GlobalSection(SolutionConfigurationPlatforms) = preSolution
		Debug|Any CPU = Debug|Any CPU
		Debug|x64 = Debug|x64
		Debug|x86 = Debug|x86
		Release|Any CPU = Release|Any CPU
		Release|x64 = Release|x64
		Release|x86 = Release|x86
	EndGlobalSection
	GlobalSection(ProjectConfigurationPlatforms) = postSolution
		{2708A786-EF71-47DF-902D-E7338495F34F}.Debug|Any CPU.ActiveCfg = Debug|Win32
		{2708A786-EF71-47DF-902D-E7338495F34F}.Debug|x64.ActiveCfg = Debug|x64
		{2708A786-EF71-47DF-902D-E7338495F34F}.Debug|x64.Build.0 = Debug|x64
		{2708A786-EF71-47DF-902D-E7338495F34F}.Debug|x86.ActiveCfg = Debug|Win32
		{2708A786-EF71-47DF-902D-E7338495F34F}.Debug|x86.Build.0 = Debug|Win32
		{2708A786-EF71-47DF-902D-E7338495F34F}.Release|Any CPU.ActiveCfg = Release|Win32
		{2708A786-EF71-47DF-902D-E7338495F34F}.Release|x64.ActiveCfg = Release|x64
		{2708A786-EF71-47DF-902D-E7338495F34F}.Release|x64.Build.0 = Release|x64
		{2708A786-EF71-47DF-902D-E7338495F34F}.Release|x86.ActiveCfg = Release|Win32
		{2708A786-EF71-47DF-902D-E7338495F34F}.Release|x86.Build.0 = Release|Win32
		{B719C1C8-6EF6-4A0C-96BC-26C79EBB38B3}.Debug|Any CPU.ActiveCfg = Debug|Win32
		{B719C1C8-6EF6-4A0C-96BC-26C79EBB38B3}.Debug|x64.ActiveCfg = Debug|x64
		{B719C1C8-6EF6-4A0C-96BC-26C79EBB38B3}.Debug|x64.Build.0 = Debug|x64
		{B719C1C8-6EF6-4A0C-96BC-26C79EBB38B3}.Debug|x86.ActiveCfg = Debug|Win32
		{B719C1C8-6EF6-4A0C-96BC-26C79EBB38B3}.Debug|x86.Build.0 = Debug|Win32
		{B719C1C8-6EF6-4A0C-96BC-26C79EBB38B3}.Release|Any CPU.ActiveCfg = Release|Win32
		{B719C1C8-6EF6-4A0C-96BC-26C79EBB38B3}.Release|x64.ActiveCfg = Release|x64
		{B719C1C8-6EF6-4A0C-96BC-26C79EBB38B3}.Release|x64.Build.0 = Release|x64
		{B719C1C8-6EF6-4A0C-96BC-26C79EBB38B3}.Release|x86.ActiveCfg = Release|Win32
		{B719C1C8-6EF6-4A0C-96BC-26C79EBB38B3}.Release|x86.Build.0 = Release|Win32
		{3AD36652-198E-49CA-AB51-059DBFA66CAF}.Debug|Any CPU.ActiveCfg = Debug|Any CPU
		{3AD36652-198E-49CA-AB51-059DBFA66CAF}.Debug|Any CPU.Build.0 = Debug|Any CPU
		{3AD36652-198E-49CA-AB51-059DBFA66CAF}.Debug|x64.ActiveCfg = Debug|Any CPU
		{3AD36652-198E-49CA-AB51-059DBFA66CAF}.Debug|x64.Build.0 = Debug|Any CPU
		{3AD36652-198E-49CA-AB51-059DBFA66CAF}.Debug|x86.ActiveCfg = Debug|Any CPU
		{3AD36652-198E-49CA-AB51-059DBFA66CAF}.Debug|x86.Build.0 = Debug|Any CPU
		{3AD36652-198E-49CA-AB51-059DBFA66CAF}.Release|Any CPU.ActiveCfg = Release|Any CPU
		{3AD36652-198E-49CA-AB51-059DBFA66CAF}.Release|Any CPU.Build.0 = Release|Any CPU
		{3AD36652-198E-49CA-AB51-059DBFA66CAF}.Release|x64.ActiveCfg = Release|Any CPU
		{3AD36652-198E-49CA-AB51-059DBFA66CAF}.Release|x64.Build.0 = Release|Any CPU
		{3AD36652-198E-49CA-AB51-059DBFA66CAF}.Release|x86.ActiveCfg = Release|Any CPU
		{3AD36652-198E-49CA-AB51-059DBFA66CAF}.Release|x86.Build.0 = Release|Any CPU
	EndGlobalSection
	GlobalSection(SolutionProperties) = preSolution
		HideSolutionNode = FALSE
	EndGlobalSection
	GlobalSection(ExtensibilityGlobals) = postSolution
		SolutionGuid = {D4AE30FB-F617-41A2-8762-0D4FB658E84C}
	EndGlobalSection
EndGlobal
