
Microsoft Visual Studio Solution File, Format Version 12.00
# Visual Studio Version 16
VisualStudioVersion = 16.0.29613.14
MinimumVisualStudioVersion = 10.0.40219.1
Project("{8BC9CEB8-8B4A-11D0-8D11-00A0C91BC942}") = "APMReportEngine", "APMReportEngine\APMReportEngine.vcxproj", "{B719C1C8-6EF6-4A0C-96BC-26C79EBB38B3}"
EndProject
Project("{FAE04EC0-301F-11D3-BF4B-00C04F79EFBC}") = "APMTestDemo", "APMTest\APMTestDemo.csproj", "{3AD36652-198E-49CA-AB51-059DBFA66CAF}"
EndProject
Project("{8BC9CEB8-8B4A-11D0-8D11-00A0C91BC942}") = "APMCppUnitTest", "APMCppUnitTest\APMCppUnitTest.vcxproj", "{E1B9FEE2-36CD-4647-91B9-9301E42FA33B}"
EndProject
Global
	GlobalSection(SolutionConfigurationPlatforms) = preSolution
		Debug|Any CPU = Debug|Any CPU
		Debug|x64 = Debug|x64
		Debug|x86 = Debug|x86
		Release|Any CPU = Release|Any CPU
		Release|x64 = Release|x64
		Release|x86 = Release|x86
	EndGlobalSection
	GlobalSection(ProjectConfigurationPlatforms) = postSolution
		{B719C1C8-6EF6-4A0C-96BC-26C79EBB38B3}.Debug|Any CPU.ActiveCfg = Debug|Win32
		{B719C1C8-6EF6-4A0C-96BC-26C79EBB38B3}.Debug|x64.ActiveCfg = Debug|x64
		{B719C1C8-6EF6-4A0C-96BC-26C79EBB38B3}.Debug|x64.Build.0 = Debug|x64
		{B719C1C8-6EF6-4A0C-96BC-26C79EBB38B3}.Debug|x86.ActiveCfg = Debug|Win32
		{B719C1C8-6EF6-4A0C-96BC-26C79EBB38B3}.Debug|x86.Build.0 = Debug|Win32
		{B719C1C8-6EF6-4A0C-96BC-26C79EBB38B3}.Release|Any CPU.ActiveCfg = Release|Win32
		{B719C1C8-6EF6-4A0C-96BC-26C79EBB38B3}.Release|x64.ActiveCfg = Release|x64
		{B719C1C8-6EF6-4A0C-96BC-26C79EBB38B3}.Release|x64.Build.0 = Release|x64
		{B719C1C8-6EF6-4A0C-96BC-26C79EBB38B3}.Release|x86.ActiveCfg = Release|Win32
		{B719C1C8-6EF6-4A0C-96BC-26C79EBB38B3}.Release|x86.Build.0 = Release|Win32
		{3AD36652-198E-49CA-AB51-059DBFA66CAF}.Debug|Any CPU.ActiveCfg = Debug|Any CPU
		{3AD36652-198E-49CA-AB51-059DBFA66CAF}.Debug|Any CPU.Build.0 = Debug|Any CPU
		{3AD36652-198E-49CA-AB51-059DBFA66CAF}.Debug|x64.ActiveCfg = Debug|Any CPU
		{3AD36652-198E-49CA-AB51-059DBFA66CAF}.Debug|x64.Build.0 = Debug|Any CPU
		{3AD36652-198E-49CA-AB51-059DBFA66CAF}.Debug|x86.ActiveCfg = Debug|Any CPU
		{3AD36652-198E-49CA-AB51-059DBFA66CAF}.Debug|x86.Build.0 = Debug|Any CPU
		{3AD36652-198E-49CA-AB51-059DBFA66CAF}.Release|Any CPU.ActiveCfg = Release|Any CPU
		{3AD36652-198E-49CA-AB51-059DBFA66CAF}.Release|Any CPU.Build.0 = Release|Any CPU
		{3AD36652-198E-49CA-AB51-059DBFA66CAF}.Release|x64.ActiveCfg = Release|Any CPU
		{3AD36652-198E-49CA-AB51-059DBFA66CAF}.Release|x64.Build.0 = Release|Any CPU
		{3AD36652-198E-49CA-AB51-059DBFA66CAF}.Release|x86.ActiveCfg = Release|Any CPU
		{3AD36652-198E-49CA-AB51-059DBFA66CAF}.Release|x86.Build.0 = Release|Any CPU
		{E1B9FEE2-36CD-4647-91B9-9301E42FA33B}.Debug|Any CPU.ActiveCfg = Debug|Win32
		{E1B9FEE2-36CD-4647-91B9-9301E42FA33B}.Debug|x64.ActiveCfg = Debug|x64
		{E1B9FEE2-36CD-4647-91B9-9301E42FA33B}.Debug|x64.Build.0 = Debug|x64
		{E1B9FEE2-36CD-4647-91B9-9301E42FA33B}.Debug|x86.ActiveCfg = Debug|Win32
		{E1B9FEE2-36CD-4647-91B9-9301E42FA33B}.Debug|x86.Build.0 = Debug|Win32
		{E1B9FEE2-36CD-4647-91B9-9301E42FA33B}.Release|Any CPU.ActiveCfg = Release|Win32
		{E1B9FEE2-36CD-4647-91B9-9301E42FA33B}.Release|x64.ActiveCfg = Release|x64
		{E1B9FEE2-36CD-4647-91B9-9301E42FA33B}.Release|x64.Build.0 = Release|x64
		{E1B9FEE2-36CD-4647-91B9-9301E42FA33B}.Release|x86.ActiveCfg = Release|Win32
		{E1B9FEE2-36CD-4647-91B9-9301E42FA33B}.Release|x86.Build.0 = Release|Win32
	EndGlobalSection
	GlobalSection(SolutionProperties) = preSolution
		HideSolutionNode = FALSE
	EndGlobalSection
	GlobalSection(ExtensibilityGlobals) = postSolution
		SolutionGuid = {D4AE30FB-F617-41A2-8762-0D4FB658E84C}
	EndGlobalSection
EndGlobal
